
Microsoft Visual Studio Solution File, Format Version 12.00
# Visual Studio Version 16
VisualStudioVersion = 16.0.29424.173
MinimumVisualStudioVersion = 10.0.40219.1
Project("{FAE04EC0-301F-11D3-BF4B-00C04F79EFBC}") = "ActivantsSamlServiceProvider", "ActivantsSamlServiceProvider\ActivantsSamlServiceProvider.csproj", "{A757E0C7-24C4-4B62-A7F4-E947DD218616}"
EndProject
Project("{FAE04EC0-301F-11D3-BF4B-00C04F79EFBC}") = "ActivantsSamlArtifactSP", "ActivantsSamlArtifactSP\ActivantsSamlArtifactSP.csproj", "{6F4ECE04-094A-49F9-A0E2-B6225753C164}"
EndProject
Project("{FAE04EC0-301F-11D3-BF4B-00C04F79EFBC}") = "ActivantsSamlArtifactIDP", "ActivantsSamlArtifactIDP\ActivantsSamlArtifactIDP.csproj", "{92C70A07-CBDF-493E-8F53-6DB685DCC527}"
EndProject
Global
	GlobalSection(SolutionConfigurationPlatforms) = preSolution
		Debug|Any CPU = Debug|Any CPU
		Release|Any CPU = Release|Any CPU
	EndGlobalSection
	GlobalSection(ProjectConfigurationPlatforms) = postSolution
		{A757E0C7-24C4-4B62-A7F4-E947DD218616}.Debug|Any CPU.ActiveCfg = Debug|Any CPU
		{A757E0C7-24C4-4B62-A7F4-E947DD218616}.Debug|Any CPU.Build.0 = Debug|Any CPU
		{A757E0C7-24C4-4B62-A7F4-E947DD218616}.Release|Any CPU.ActiveCfg = Release|Any CPU
		{A757E0C7-24C4-4B62-A7F4-E947DD218616}.Release|Any CPU.Build.0 = Release|Any CPU
		{6F4ECE04-094A-49F9-A0E2-B6225753C164}.Debug|Any CPU.ActiveCfg = Debug|Any CPU
		{6F4ECE04-094A-49F9-A0E2-B6225753C164}.Debug|Any CPU.Build.0 = Debug|Any CPU
		{6F4ECE04-094A-49F9-A0E2-B6225753C164}.Release|Any CPU.ActiveCfg = Release|Any CPU
		{6F4ECE04-094A-49F9-A0E2-B6225753C164}.Release|Any CPU.Build.0 = Release|Any CPU
		{92C70A07-CBDF-493E-8F53-6DB685DCC527}.Debug|Any CPU.ActiveCfg = Debug|Any CPU
		{92C70A07-CBDF-493E-8F53-6DB685DCC527}.Debug|Any CPU.Build.0 = Debug|Any CPU
		{92C70A07-CBDF-493E-8F53-6DB685DCC527}.Release|Any CPU.ActiveCfg = Release|Any CPU
		{92C70A07-CBDF-493E-8F53-6DB685DCC527}.Release|Any CPU.Build.0 = Release|Any CPU
	EndGlobalSection
	GlobalSection(SolutionProperties) = preSolution
		HideSolutionNode = FALSE
	EndGlobalSection
	GlobalSection(ExtensibilityGlobals) = postSolution
		SolutionGuid = {B1002F82-8651-42B8-9153-CE4CFC028308}
	EndGlobalSection
EndGlobal
