
Microsoft Visual Studio Solution File, Format Version 12.00
# Visual Studio 14
VisualStudioVersion = 14.0.25420.1
MinimumVisualStudioVersion = 10.0.40219.1
Project("{2150E333-8FDC-42A3-9474-1A3956D46DE8}") = "SSO", "SSO", "{5DD71DE1-D587-4A1A-BBCF-B105F12AE872}"
EndProject
Project("{2150E333-8FDC-42A3-9474-1A3956D46DE8}") = "Utility", "Utility", "{0493A5CB-1B40-43C3-9C10-9396449FB69B}"
EndProject
Project("{2150E333-8FDC-42A3-9474-1A3956D46DE8}") = "Metadata", "Metadata", "{FB16975B-666F-4AB3-9737-59D6E87196CA}"
EndProject
Project("{FAE04EC0-301F-11D3-BF4B-00C04F79EFBC}") = "ParseHttpRedirectUrl", "Examples\Utility\ParseHttpRedirectUrl\ParseHttpRedirectUrl.csproj", "{C7596CE4-47C7-40F9-946A-B840B2CF25D7}"
EndProject
Project("{FAE04EC0-301F-11D3-BF4B-00C04F79EFBC}") = "MetadataExample", "Examples\Metadata\MetadataExample\MetadataExample.csproj", "{E87E2E7B-52BE-4151-932C-1D529E83CA77}"
EndProject
Project("{2150E333-8FDC-42A3-9474-1A3956D46DE8}") = "Signature", "Signature", "{0289114B-70EA-4CE6-BA34-E4EC00D718AE}"
EndProject
Project("{FAE04EC0-301F-11D3-BF4B-00C04F79EFBC}") = "ReadMetadata", "Examples\Metadata\ReadMetadata\ReadMetadata.csproj", "{8A946737-B05D-4F70-BBCF-74CA05BA0E32}"
EndProject
Project("{FAE04EC0-301F-11D3-BF4B-00C04F79EFBC}") = "ImportMetadata", "Examples\Metadata\ImportMetadata\ImportMetadata.csproj", "{9C806924-0043-4F6C-9637-3E3274CE3705}"
EndProject
Project("{FAE04EC0-301F-11D3-BF4B-00C04F79EFBC}") = "ExportMetadata", "Examples\Metadata\ExportMetadata\ExportMetadata.csproj", "{95A8E7C2-A497-47B2-A746-1D82D3E5EA5D}"
EndProject
Project("{FAE04EC0-301F-11D3-BF4B-00C04F79EFBC}") = "ValidateSAMLMessage", "Examples\Utility\ValidateSAMLMessage\ValidateSAMLMessage.csproj", "{66B92092-9FCB-42C4-B8A8-3FABC2A98C26}"
EndProject
Project("{FAE04EC0-301F-11D3-BF4B-00C04F79EFBC}") = "DecryptAssertion", "Examples\Utility\DecryptAssertion\DecryptAssertion.csproj", "{D6E7A677-4F0E-4606-B654-D31E3542AB7E}"
EndProject
Project("{FAE04EC0-301F-11D3-BF4B-00C04F79EFBC}") = "EncryptAssertion", "Examples\Utility\EncryptAssertion\EncryptAssertion.csproj", "{F1521CB4-1D3A-40B6-9E85-3A0C125E6CE8}"
EndProject
Project("{FAE04EC0-301F-11D3-BF4B-00C04F79EFBC}") = "ValidateAgainstSchema", "Examples\Utility\ValidateAgainstSchema\ValidateAgainstSchema.csproj", "{B3392766-E913-4757-9251-E2EE355F8CC9}"
EndProject
Project("{FAE04EC0-301F-11D3-BF4B-00C04F79EFBC}") = "CreateMetadata", "Examples\Metadata\CreateMetadata\CreateMetadata.csproj", "{55DECF3E-B9DB-46F8-992B-BBF09BF55CDD}"
EndProject
Project("{2150E333-8FDC-42A3-9474-1A3956D46DE8}") = "Configuration", "Configuration", "{6279AC40-B168-4D32-B89A-5BFBF77791B8}"
EndProject
Project("{FAE04EC0-301F-11D3-BF4B-00C04F79EFBC}") = "CreateConfiguration", "Examples\Configuration\CreateConfiguration\CreateConfiguration.csproj", "{E0BFAA38-0AB2-41B5-A76C-51B45537375D}"
EndProject
Project("{FAE04EC0-301F-11D3-BF4B-00C04F79EFBC}") = "ValidateConfig", "Examples\Configuration\ValidateConfig\ValidateConfig.csproj", "{4748C1AC-71A0-4684-AF80-86D4EC626278}"
EndProject
Project("{FAE04EC0-301F-11D3-BF4B-00C04F79EFBC}") = "GenerateSignature", "Examples\Signature\GenerateSignature\GenerateSignature.csproj", "{54A0E52C-9B25-469E-9BAC-AB56D5582528}"
EndProject
Project("{FAE04EC0-301F-11D3-BF4B-00C04F79EFBC}") = "TestSHA256Signature", "Examples\Signature\TestSHA256Signature\TestSHA256Signature.csproj", "{7BB86C23-E83F-4D72-BE04-B13260FE830C}"
EndProject
Project("{FAE04EC0-301F-11D3-BF4B-00C04F79EFBC}") = "VerifySignature", "Examples\Signature\VerifySignature\VerifySignature.csproj", "{FE9B616F-0250-47B6-B765-E9DA556CF7C9}"
EndProject
Project("{2150E333-8FDC-42A3-9474-1A3956D46DE8}") = "MVC", "MVC", "{6A045E5E-8456-4F73-A772-7027C3F14591}"
EndProject
Project("{2150E333-8FDC-42A3-9474-1A3956D46DE8}") = "WebForms", "WebForms", "{6A9BA848-8893-4F6E-812C-5809838123BA}"
EndProject
Project("{FAE04EC0-301F-11D3-BF4B-00C04F79EFBC}") = "MvcExampleIdentityProvider", "Examples\SSO\MVC\MvcExampleIdentityProvider\MvcExampleIdentityProvider.csproj", "{69F4F94C-917A-40FF-BF8D-AF05C6181AE0}"
EndProject
Project("{FAE04EC0-301F-11D3-BF4B-00C04F79EFBC}") = "MvcExampleServiceProvider", "Examples\SSO\MVC\MvcExampleServiceProvider\MvcExampleServiceProvider.csproj", "{A0AC3626-F8D6-4659-8772-4BC45F23C347}"
EndProject
Project("{FAE04EC0-301F-11D3-BF4B-00C04F79EFBC}") = "ExampleIdentityProvider", "Examples\SSO\WebForms\ExampleIdentityProvider\ExampleIdentityProvider.csproj", "{78FF0311-EA40-4CDF-8ADE-C46D0194F3E5}"
EndProject
Project("{FAE04EC0-301F-11D3-BF4B-00C04F79EFBC}") = "ExampleServiceProvider", "Examples\SSO\WebForms\ExampleServiceProvider\ExampleServiceProvider.csproj", "{A1D897F5-32B6-423C-B6F2-A3C17AE1E3DA}"
EndProject
Global
	GlobalSection(SolutionConfigurationPlatforms) = preSolution
		Debug|.NET = Debug|.NET
		Debug|Any CPU = Debug|Any CPU
		Debug|Mixed Platforms = Debug|Mixed Platforms
		Debug|x86 = Debug|x86
		Release|.NET = Release|.NET
		Release|Any CPU = Release|Any CPU
		Release|Mixed Platforms = Release|Mixed Platforms
		Release|x86 = Release|x86
	EndGlobalSection
	GlobalSection(ProjectConfigurationPlatforms) = postSolution
		{C7596CE4-47C7-40F9-946A-B840B2CF25D7}.Debug|.NET.ActiveCfg = Debug|Any CPU
		{C7596CE4-47C7-40F9-946A-B840B2CF25D7}.Debug|Any CPU.ActiveCfg = Debug|Any CPU
		{C7596CE4-47C7-40F9-946A-B840B2CF25D7}.Debug|Any CPU.Build.0 = Debug|Any CPU
		{C7596CE4-47C7-40F9-946A-B840B2CF25D7}.Debug|Mixed Platforms.ActiveCfg = Debug|Any CPU
		{C7596CE4-47C7-40F9-946A-B840B2CF25D7}.Debug|Mixed Platforms.Build.0 = Debug|Any CPU
		{C7596CE4-47C7-40F9-946A-B840B2CF25D7}.Debug|x86.ActiveCfg = Debug|Any CPU
		{C7596CE4-47C7-40F9-946A-B840B2CF25D7}.Release|.NET.ActiveCfg = Release|Any CPU
		{C7596CE4-47C7-40F9-946A-B840B2CF25D7}.Release|Any CPU.ActiveCfg = Release|Any CPU
		{C7596CE4-47C7-40F9-946A-B840B2CF25D7}.Release|Any CPU.Build.0 = Release|Any CPU
		{C7596CE4-47C7-40F9-946A-B840B2CF25D7}.Release|Mixed Platforms.ActiveCfg = Release|Any CPU
		{C7596CE4-47C7-40F9-946A-B840B2CF25D7}.Release|Mixed Platforms.Build.0 = Release|Any CPU
		{C7596CE4-47C7-40F9-946A-B840B2CF25D7}.Release|x86.ActiveCfg = Release|Any CPU
		{E87E2E7B-52BE-4151-932C-1D529E83CA77}.Debug|.NET.ActiveCfg = Debug|Any CPU
		{E87E2E7B-52BE-4151-932C-1D529E83CA77}.Debug|Any CPU.ActiveCfg = Debug|Any CPU
		{E87E2E7B-52BE-4151-932C-1D529E83CA77}.Debug|Any CPU.Build.0 = Debug|Any CPU
		{E87E2E7B-52BE-4151-932C-1D529E83CA77}.Debug|Mixed Platforms.ActiveCfg = Debug|Any CPU
		{E87E2E7B-52BE-4151-932C-1D529E83CA77}.Debug|Mixed Platforms.Build.0 = Debug|Any CPU
		{E87E2E7B-52BE-4151-932C-1D529E83CA77}.Debug|x86.ActiveCfg = Debug|Any CPU
		{E87E2E7B-52BE-4151-932C-1D529E83CA77}.Release|.NET.ActiveCfg = Release|Any CPU
		{E87E2E7B-52BE-4151-932C-1D529E83CA77}.Release|Any CPU.ActiveCfg = Release|Any CPU
		{E87E2E7B-52BE-4151-932C-1D529E83CA77}.Release|Any CPU.Build.0 = Release|Any CPU
		{E87E2E7B-52BE-4151-932C-1D529E83CA77}.Release|Mixed Platforms.ActiveCfg = Release|Any CPU
		{E87E2E7B-52BE-4151-932C-1D529E83CA77}.Release|Mixed Platforms.Build.0 = Release|Any CPU
		{E87E2E7B-52BE-4151-932C-1D529E83CA77}.Release|x86.ActiveCfg = Release|Any CPU
		{8A946737-B05D-4F70-BBCF-74CA05BA0E32}.Debug|.NET.ActiveCfg = Debug|Any CPU
		{8A946737-B05D-4F70-BBCF-74CA05BA0E32}.Debug|Any CPU.ActiveCfg = Debug|Any CPU
		{8A946737-B05D-4F70-BBCF-74CA05BA0E32}.Debug|Any CPU.Build.0 = Debug|Any CPU
		{8A946737-B05D-4F70-BBCF-74CA05BA0E32}.Debug|Mixed Platforms.ActiveCfg = Debug|Any CPU
		{8A946737-B05D-4F70-BBCF-74CA05BA0E32}.Debug|Mixed Platforms.Build.0 = Debug|Any CPU
		{8A946737-B05D-4F70-BBCF-74CA05BA0E32}.Debug|x86.ActiveCfg = Debug|Any CPU
		{8A946737-B05D-4F70-BBCF-74CA05BA0E32}.Release|.NET.ActiveCfg = Release|Any CPU
		{8A946737-B05D-4F70-BBCF-74CA05BA0E32}.Release|Any CPU.ActiveCfg = Release|Any CPU
		{8A946737-B05D-4F70-BBCF-74CA05BA0E32}.Release|Any CPU.Build.0 = Release|Any CPU
		{8A946737-B05D-4F70-BBCF-74CA05BA0E32}.Release|Mixed Platforms.ActiveCfg = Release|Any CPU
		{8A946737-B05D-4F70-BBCF-74CA05BA0E32}.Release|Mixed Platforms.Build.0 = Release|Any CPU
		{8A946737-B05D-4F70-BBCF-74CA05BA0E32}.Release|x86.ActiveCfg = Release|Any CPU
		{9C806924-0043-4F6C-9637-3E3274CE3705}.Debug|.NET.ActiveCfg = Debug|Any CPU
		{9C806924-0043-4F6C-9637-3E3274CE3705}.Debug|Any CPU.ActiveCfg = Debug|Any CPU
		{9C806924-0043-4F6C-9637-3E3274CE3705}.Debug|Any CPU.Build.0 = Debug|Any CPU
		{9C806924-0043-4F6C-9637-3E3274CE3705}.Debug|Mixed Platforms.ActiveCfg = Debug|Any CPU
		{9C806924-0043-4F6C-9637-3E3274CE3705}.Debug|Mixed Platforms.Build.0 = Debug|Any CPU
		{9C806924-0043-4F6C-9637-3E3274CE3705}.Debug|x86.ActiveCfg = Debug|Any CPU
		{9C806924-0043-4F6C-9637-3E3274CE3705}.Release|.NET.ActiveCfg = Release|Any CPU
		{9C806924-0043-4F6C-9637-3E3274CE3705}.Release|Any CPU.ActiveCfg = Release|Any CPU
		{9C806924-0043-4F6C-9637-3E3274CE3705}.Release|Any CPU.Build.0 = Release|Any CPU
		{9C806924-0043-4F6C-9637-3E3274CE3705}.Release|Mixed Platforms.ActiveCfg = Release|Any CPU
		{9C806924-0043-4F6C-9637-3E3274CE3705}.Release|Mixed Platforms.Build.0 = Release|Any CPU
		{9C806924-0043-4F6C-9637-3E3274CE3705}.Release|x86.ActiveCfg = Release|Any CPU
		{95A8E7C2-A497-47B2-A746-1D82D3E5EA5D}.Debug|.NET.ActiveCfg = Debug|Any CPU
		{95A8E7C2-A497-47B2-A746-1D82D3E5EA5D}.Debug|Any CPU.ActiveCfg = Debug|Any CPU
		{95A8E7C2-A497-47B2-A746-1D82D3E5EA5D}.Debug|Any CPU.Build.0 = Debug|Any CPU
		{95A8E7C2-A497-47B2-A746-1D82D3E5EA5D}.Debug|Mixed Platforms.ActiveCfg = Debug|Any CPU
		{95A8E7C2-A497-47B2-A746-1D82D3E5EA5D}.Debug|Mixed Platforms.Build.0 = Debug|Any CPU
		{95A8E7C2-A497-47B2-A746-1D82D3E5EA5D}.Debug|x86.ActiveCfg = Debug|Any CPU
		{95A8E7C2-A497-47B2-A746-1D82D3E5EA5D}.Release|.NET.ActiveCfg = Release|Any CPU
		{95A8E7C2-A497-47B2-A746-1D82D3E5EA5D}.Release|Any CPU.ActiveCfg = Release|Any CPU
		{95A8E7C2-A497-47B2-A746-1D82D3E5EA5D}.Release|Any CPU.Build.0 = Release|Any CPU
		{95A8E7C2-A497-47B2-A746-1D82D3E5EA5D}.Release|Mixed Platforms.ActiveCfg = Release|Any CPU
		{95A8E7C2-A497-47B2-A746-1D82D3E5EA5D}.Release|Mixed Platforms.Build.0 = Release|Any CPU
		{95A8E7C2-A497-47B2-A746-1D82D3E5EA5D}.Release|x86.ActiveCfg = Release|Any CPU
		{66B92092-9FCB-42C4-B8A8-3FABC2A98C26}.Debug|.NET.ActiveCfg = Debug|Any CPU
		{66B92092-9FCB-42C4-B8A8-3FABC2A98C26}.Debug|Any CPU.ActiveCfg = Debug|Any CPU
		{66B92092-9FCB-42C4-B8A8-3FABC2A98C26}.Debug|Any CPU.Build.0 = Debug|Any CPU
		{66B92092-9FCB-42C4-B8A8-3FABC2A98C26}.Debug|Mixed Platforms.ActiveCfg = Debug|Any CPU
		{66B92092-9FCB-42C4-B8A8-3FABC2A98C26}.Debug|Mixed Platforms.Build.0 = Debug|Any CPU
		{66B92092-9FCB-42C4-B8A8-3FABC2A98C26}.Debug|x86.ActiveCfg = Debug|Any CPU
		{66B92092-9FCB-42C4-B8A8-3FABC2A98C26}.Release|.NET.ActiveCfg = Release|Any CPU
		{66B92092-9FCB-42C4-B8A8-3FABC2A98C26}.Release|Any CPU.ActiveCfg = Release|Any CPU
		{66B92092-9FCB-42C4-B8A8-3FABC2A98C26}.Release|Any CPU.Build.0 = Release|Any CPU
		{66B92092-9FCB-42C4-B8A8-3FABC2A98C26}.Release|Mixed Platforms.ActiveCfg = Release|Any CPU
		{66B92092-9FCB-42C4-B8A8-3FABC2A98C26}.Release|Mixed Platforms.Build.0 = Release|Any CPU
		{66B92092-9FCB-42C4-B8A8-3FABC2A98C26}.Release|x86.ActiveCfg = Release|Any CPU
		{D6E7A677-4F0E-4606-B654-D31E3542AB7E}.Debug|.NET.ActiveCfg = Debug|Any CPU
		{D6E7A677-4F0E-4606-B654-D31E3542AB7E}.Debug|.NET.Build.0 = Debug|Any CPU
		{D6E7A677-4F0E-4606-B654-D31E3542AB7E}.Debug|Any CPU.ActiveCfg = Debug|Any CPU
		{D6E7A677-4F0E-4606-B654-D31E3542AB7E}.Debug|Any CPU.Build.0 = Debug|Any CPU
		{D6E7A677-4F0E-4606-B654-D31E3542AB7E}.Debug|Mixed Platforms.ActiveCfg = Debug|Any CPU
		{D6E7A677-4F0E-4606-B654-D31E3542AB7E}.Debug|Mixed Platforms.Build.0 = Debug|Any CPU
		{D6E7A677-4F0E-4606-B654-D31E3542AB7E}.Debug|x86.ActiveCfg = Debug|Any CPU
		{D6E7A677-4F0E-4606-B654-D31E3542AB7E}.Debug|x86.Build.0 = Debug|Any CPU
		{D6E7A677-4F0E-4606-B654-D31E3542AB7E}.Release|.NET.ActiveCfg = Release|Any CPU
		{D6E7A677-4F0E-4606-B654-D31E3542AB7E}.Release|.NET.Build.0 = Release|Any CPU
		{D6E7A677-4F0E-4606-B654-D31E3542AB7E}.Release|Any CPU.ActiveCfg = Release|Any CPU
		{D6E7A677-4F0E-4606-B654-D31E3542AB7E}.Release|Any CPU.Build.0 = Release|Any CPU
		{D6E7A677-4F0E-4606-B654-D31E3542AB7E}.Release|Mixed Platforms.ActiveCfg = Release|Any CPU
		{D6E7A677-4F0E-4606-B654-D31E3542AB7E}.Release|Mixed Platforms.Build.0 = Release|Any CPU
		{D6E7A677-4F0E-4606-B654-D31E3542AB7E}.Release|x86.ActiveCfg = Release|Any CPU
		{D6E7A677-4F0E-4606-B654-D31E3542AB7E}.Release|x86.Build.0 = Release|Any CPU
		{F1521CB4-1D3A-40B6-9E85-3A0C125E6CE8}.Debug|.NET.ActiveCfg = Debug|Any CPU
		{F1521CB4-1D3A-40B6-9E85-3A0C125E6CE8}.Debug|.NET.Build.0 = Debug|Any CPU
		{F1521CB4-1D3A-40B6-9E85-3A0C125E6CE8}.Debug|Any CPU.ActiveCfg = Debug|Any CPU
		{F1521CB4-1D3A-40B6-9E85-3A0C125E6CE8}.Debug|Any CPU.Build.0 = Debug|Any CPU
		{F1521CB4-1D3A-40B6-9E85-3A0C125E6CE8}.Debug|Mixed Platforms.ActiveCfg = Debug|Any CPU
		{F1521CB4-1D3A-40B6-9E85-3A0C125E6CE8}.Debug|Mixed Platforms.Build.0 = Debug|Any CPU
		{F1521CB4-1D3A-40B6-9E85-3A0C125E6CE8}.Debug|x86.ActiveCfg = Debug|Any CPU
		{F1521CB4-1D3A-40B6-9E85-3A0C125E6CE8}.Debug|x86.Build.0 = Debug|Any CPU
		{F1521CB4-1D3A-40B6-9E85-3A0C125E6CE8}.Release|.NET.ActiveCfg = Release|Any CPU
		{F1521CB4-1D3A-40B6-9E85-3A0C125E6CE8}.Release|.NET.Build.0 = Release|Any CPU
		{F1521CB4-1D3A-40B6-9E85-3A0C125E6CE8}.Release|Any CPU.ActiveCfg = Release|Any CPU
		{F1521CB4-1D3A-40B6-9E85-3A0C125E6CE8}.Release|Any CPU.Build.0 = Release|Any CPU
		{F1521CB4-1D3A-40B6-9E85-3A0C125E6CE8}.Release|Mixed Platforms.ActiveCfg = Release|Any CPU
		{F1521CB4-1D3A-40B6-9E85-3A0C125E6CE8}.Release|Mixed Platforms.Build.0 = Release|Any CPU
		{F1521CB4-1D3A-40B6-9E85-3A0C125E6CE8}.Release|x86.ActiveCfg = Release|Any CPU
		{F1521CB4-1D3A-40B6-9E85-3A0C125E6CE8}.Release|x86.Build.0 = Release|Any CPU
		{B3392766-E913-4757-9251-E2EE355F8CC9}.Debug|.NET.ActiveCfg = Debug|Any CPU
		{B3392766-E913-4757-9251-E2EE355F8CC9}.Debug|.NET.Build.0 = Debug|Any CPU
		{B3392766-E913-4757-9251-E2EE355F8CC9}.Debug|Any CPU.ActiveCfg = Debug|Any CPU
		{B3392766-E913-4757-9251-E2EE355F8CC9}.Debug|Any CPU.Build.0 = Debug|Any CPU
		{B3392766-E913-4757-9251-E2EE355F8CC9}.Debug|Mixed Platforms.ActiveCfg = Debug|Any CPU
		{B3392766-E913-4757-9251-E2EE355F8CC9}.Debug|Mixed Platforms.Build.0 = Debug|Any CPU
		{B3392766-E913-4757-9251-E2EE355F8CC9}.Debug|x86.ActiveCfg = Debug|Any CPU
		{B3392766-E913-4757-9251-E2EE355F8CC9}.Debug|x86.Build.0 = Debug|Any CPU
		{B3392766-E913-4757-9251-E2EE355F8CC9}.Release|.NET.ActiveCfg = Release|Any CPU
		{B3392766-E913-4757-9251-E2EE355F8CC9}.Release|.NET.Build.0 = Release|Any CPU
		{B3392766-E913-4757-9251-E2EE355F8CC9}.Release|Any CPU.ActiveCfg = Release|Any CPU
		{B3392766-E913-4757-9251-E2EE355F8CC9}.Release|Any CPU.Build.0 = Release|Any CPU
		{B3392766-E913-4757-9251-E2EE355F8CC9}.Release|Mixed Platforms.ActiveCfg = Release|Any CPU
		{B3392766-E913-4757-9251-E2EE355F8CC9}.Release|Mixed Platforms.Build.0 = Release|Any CPU
		{B3392766-E913-4757-9251-E2EE355F8CC9}.Release|x86.ActiveCfg = Release|Any CPU
		{B3392766-E913-4757-9251-E2EE355F8CC9}.Release|x86.Build.0 = Release|Any CPU
		{55DECF3E-B9DB-46F8-992B-BBF09BF55CDD}.Debug|.NET.ActiveCfg = Debug|Any CPU
		{55DECF3E-B9DB-46F8-992B-BBF09BF55CDD}.Debug|.NET.Build.0 = Debug|Any CPU
		{55DECF3E-B9DB-46F8-992B-BBF09BF55CDD}.Debug|Any CPU.ActiveCfg = Debug|Any CPU
		{55DECF3E-B9DB-46F8-992B-BBF09BF55CDD}.Debug|Any CPU.Build.0 = Debug|Any CPU
		{55DECF3E-B9DB-46F8-992B-BBF09BF55CDD}.Debug|Mixed Platforms.ActiveCfg = Debug|Any CPU
		{55DECF3E-B9DB-46F8-992B-BBF09BF55CDD}.Debug|Mixed Platforms.Build.0 = Debug|Any CPU
		{55DECF3E-B9DB-46F8-992B-BBF09BF55CDD}.Debug|x86.ActiveCfg = Debug|Any CPU
		{55DECF3E-B9DB-46F8-992B-BBF09BF55CDD}.Debug|x86.Build.0 = Debug|Any CPU
		{55DECF3E-B9DB-46F8-992B-BBF09BF55CDD}.Release|.NET.ActiveCfg = Release|Any CPU
		{55DECF3E-B9DB-46F8-992B-BBF09BF55CDD}.Release|.NET.Build.0 = Release|Any CPU
		{55DECF3E-B9DB-46F8-992B-BBF09BF55CDD}.Release|Any CPU.ActiveCfg = Release|Any CPU
		{55DECF3E-B9DB-46F8-992B-BBF09BF55CDD}.Release|Any CPU.Build.0 = Release|Any CPU
		{55DECF3E-B9DB-46F8-992B-BBF09BF55CDD}.Release|Mixed Platforms.ActiveCfg = Release|Any CPU
		{55DECF3E-B9DB-46F8-992B-BBF09BF55CDD}.Release|Mixed Platforms.Build.0 = Release|Any CPU
		{55DECF3E-B9DB-46F8-992B-BBF09BF55CDD}.Release|x86.ActiveCfg = Release|Any CPU
		{55DECF3E-B9DB-46F8-992B-BBF09BF55CDD}.Release|x86.Build.0 = Release|Any CPU
		{E0BFAA38-0AB2-41B5-A76C-51B45537375D}.Debug|.NET.ActiveCfg = Debug|Any CPU
		{E0BFAA38-0AB2-41B5-A76C-51B45537375D}.Debug|.NET.Build.0 = Debug|Any CPU
		{E0BFAA38-0AB2-41B5-A76C-51B45537375D}.Debug|Any CPU.ActiveCfg = Debug|Any CPU
		{E0BFAA38-0AB2-41B5-A76C-51B45537375D}.Debug|Any CPU.Build.0 = Debug|Any CPU
		{E0BFAA38-0AB2-41B5-A76C-51B45537375D}.Debug|Mixed Platforms.ActiveCfg = Debug|Any CPU
		{E0BFAA38-0AB2-41B5-A76C-51B45537375D}.Debug|Mixed Platforms.Build.0 = Debug|Any CPU
		{E0BFAA38-0AB2-41B5-A76C-51B45537375D}.Debug|x86.ActiveCfg = Debug|Any CPU
		{E0BFAA38-0AB2-41B5-A76C-51B45537375D}.Debug|x86.Build.0 = Debug|Any CPU
		{E0BFAA38-0AB2-41B5-A76C-51B45537375D}.Release|.NET.ActiveCfg = Release|Any CPU
		{E0BFAA38-0AB2-41B5-A76C-51B45537375D}.Release|.NET.Build.0 = Release|Any CPU
		{E0BFAA38-0AB2-41B5-A76C-51B45537375D}.Release|Any CPU.ActiveCfg = Release|Any CPU
		{E0BFAA38-0AB2-41B5-A76C-51B45537375D}.Release|Any CPU.Build.0 = Release|Any CPU
		{E0BFAA38-0AB2-41B5-A76C-51B45537375D}.Release|Mixed Platforms.ActiveCfg = Release|Any CPU
		{E0BFAA38-0AB2-41B5-A76C-51B45537375D}.Release|Mixed Platforms.Build.0 = Release|Any CPU
		{E0BFAA38-0AB2-41B5-A76C-51B45537375D}.Release|x86.ActiveCfg = Release|Any CPU
		{E0BFAA38-0AB2-41B5-A76C-51B45537375D}.Release|x86.Build.0 = Release|Any CPU
		{4748C1AC-71A0-4684-AF80-86D4EC626278}.Debug|.NET.ActiveCfg = Debug|Any CPU
		{4748C1AC-71A0-4684-AF80-86D4EC626278}.Debug|.NET.Build.0 = Debug|Any CPU
		{4748C1AC-71A0-4684-AF80-86D4EC626278}.Debug|Any CPU.ActiveCfg = Debug|Any CPU
		{4748C1AC-71A0-4684-AF80-86D4EC626278}.Debug|Any CPU.Build.0 = Debug|Any CPU
		{4748C1AC-71A0-4684-AF80-86D4EC626278}.Debug|Mixed Platforms.ActiveCfg = Debug|Any CPU
		{4748C1AC-71A0-4684-AF80-86D4EC626278}.Debug|Mixed Platforms.Build.0 = Debug|Any CPU
		{4748C1AC-71A0-4684-AF80-86D4EC626278}.Debug|x86.ActiveCfg = Debug|Any CPU
		{4748C1AC-71A0-4684-AF80-86D4EC626278}.Debug|x86.Build.0 = Debug|Any CPU
		{4748C1AC-71A0-4684-AF80-86D4EC626278}.Release|.NET.ActiveCfg = Release|Any CPU
		{4748C1AC-71A0-4684-AF80-86D4EC626278}.Release|.NET.Build.0 = Release|Any CPU
		{4748C1AC-71A0-4684-AF80-86D4EC626278}.Release|Any CPU.ActiveCfg = Release|Any CPU
		{4748C1AC-71A0-4684-AF80-86D4EC626278}.Release|Any CPU.Build.0 = Release|Any CPU
		{4748C1AC-71A0-4684-AF80-86D4EC626278}.Release|Mixed Platforms.ActiveCfg = Release|Any CPU
		{4748C1AC-71A0-4684-AF80-86D4EC626278}.Release|Mixed Platforms.Build.0 = Release|Any CPU
		{4748C1AC-71A0-4684-AF80-86D4EC626278}.Release|x86.ActiveCfg = Release|Any CPU
		{4748C1AC-71A0-4684-AF80-86D4EC626278}.Release|x86.Build.0 = Release|Any CPU
		{54A0E52C-9B25-469E-9BAC-AB56D5582528}.Debug|.NET.ActiveCfg = Debug|Any CPU
		{54A0E52C-9B25-469E-9BAC-AB56D5582528}.Debug|.NET.Build.0 = Debug|Any CPU
		{54A0E52C-9B25-469E-9BAC-AB56D5582528}.Debug|Any CPU.ActiveCfg = Debug|Any CPU
		{54A0E52C-9B25-469E-9BAC-AB56D5582528}.Debug|Any CPU.Build.0 = Debug|Any CPU
		{54A0E52C-9B25-469E-9BAC-AB56D5582528}.Debug|Mixed Platforms.ActiveCfg = Debug|Any CPU
		{54A0E52C-9B25-469E-9BAC-AB56D5582528}.Debug|Mixed Platforms.Build.0 = Debug|Any CPU
		{54A0E52C-9B25-469E-9BAC-AB56D5582528}.Debug|x86.ActiveCfg = Debug|Any CPU
		{54A0E52C-9B25-469E-9BAC-AB56D5582528}.Debug|x86.Build.0 = Debug|Any CPU
		{54A0E52C-9B25-469E-9BAC-AB56D5582528}.Release|.NET.ActiveCfg = Release|Any CPU
		{54A0E52C-9B25-469E-9BAC-AB56D5582528}.Release|.NET.Build.0 = Release|Any CPU
		{54A0E52C-9B25-469E-9BAC-AB56D5582528}.Release|Any CPU.ActiveCfg = Release|Any CPU
		{54A0E52C-9B25-469E-9BAC-AB56D5582528}.Release|Any CPU.Build.0 = Release|Any CPU
		{54A0E52C-9B25-469E-9BAC-AB56D5582528}.Release|Mixed Platforms.ActiveCfg = Release|Any CPU
		{54A0E52C-9B25-469E-9BAC-AB56D5582528}.Release|Mixed Platforms.Build.0 = Release|Any CPU
		{54A0E52C-9B25-469E-9BAC-AB56D5582528}.Release|x86.ActiveCfg = Release|Any CPU
		{54A0E52C-9B25-469E-9BAC-AB56D5582528}.Release|x86.Build.0 = Release|Any CPU
		{7BB86C23-E83F-4D72-BE04-B13260FE830C}.Debug|.NET.ActiveCfg = Debug|x86
		{7BB86C23-E83F-4D72-BE04-B13260FE830C}.Debug|Any CPU.ActiveCfg = Debug|x86
		{7BB86C23-E83F-4D72-BE04-B13260FE830C}.Debug|Mixed Platforms.ActiveCfg = Debug|x86
		{7BB86C23-E83F-4D72-BE04-B13260FE830C}.Debug|Mixed Platforms.Build.0 = Debug|x86
		{7BB86C23-E83F-4D72-BE04-B13260FE830C}.Debug|x86.ActiveCfg = Debug|x86
		{7BB86C23-E83F-4D72-BE04-B13260FE830C}.Debug|x86.Build.0 = Debug|x86
		{7BB86C23-E83F-4D72-BE04-B13260FE830C}.Release|.NET.ActiveCfg = Release|x86
		{7BB86C23-E83F-4D72-BE04-B13260FE830C}.Release|Any CPU.ActiveCfg = Release|x86
		{7BB86C23-E83F-4D72-BE04-B13260FE830C}.Release|Mixed Platforms.ActiveCfg = Release|x86
		{7BB86C23-E83F-4D72-BE04-B13260FE830C}.Release|Mixed Platforms.Build.0 = Release|x86
		{7BB86C23-E83F-4D72-BE04-B13260FE830C}.Release|x86.ActiveCfg = Release|x86
		{7BB86C23-E83F-4D72-BE04-B13260FE830C}.Release|x86.Build.0 = Release|x86
		{FE9B616F-0250-47B6-B765-E9DA556CF7C9}.Debug|.NET.ActiveCfg = Debug|Any CPU
		{FE9B616F-0250-47B6-B765-E9DA556CF7C9}.Debug|.NET.Build.0 = Debug|Any CPU
		{FE9B616F-0250-47B6-B765-E9DA556CF7C9}.Debug|Any CPU.ActiveCfg = Debug|Any CPU
		{FE9B616F-0250-47B6-B765-E9DA556CF7C9}.Debug|Any CPU.Build.0 = Debug|Any CPU
		{FE9B616F-0250-47B6-B765-E9DA556CF7C9}.Debug|Mixed Platforms.ActiveCfg = Debug|Any CPU
		{FE9B616F-0250-47B6-B765-E9DA556CF7C9}.Debug|Mixed Platforms.Build.0 = Debug|Any CPU
		{FE9B616F-0250-47B6-B765-E9DA556CF7C9}.Debug|x86.ActiveCfg = Debug|Any CPU
		{FE9B616F-0250-47B6-B765-E9DA556CF7C9}.Debug|x86.Build.0 = Debug|Any CPU
		{FE9B616F-0250-47B6-B765-E9DA556CF7C9}.Release|.NET.ActiveCfg = Release|Any CPU
		{FE9B616F-0250-47B6-B765-E9DA556CF7C9}.Release|.NET.Build.0 = Release|Any CPU
		{FE9B616F-0250-47B6-B765-E9DA556CF7C9}.Release|Any CPU.ActiveCfg = Release|Any CPU
		{FE9B616F-0250-47B6-B765-E9DA556CF7C9}.Release|Any CPU.Build.0 = Release|Any CPU
		{FE9B616F-0250-47B6-B765-E9DA556CF7C9}.Release|Mixed Platforms.ActiveCfg = Release|Any CPU
		{FE9B616F-0250-47B6-B765-E9DA556CF7C9}.Release|Mixed Platforms.Build.0 = Release|Any CPU
		{FE9B616F-0250-47B6-B765-E9DA556CF7C9}.Release|x86.ActiveCfg = Release|Any CPU
		{FE9B616F-0250-47B6-B765-E9DA556CF7C9}.Release|x86.Build.0 = Release|Any CPU
		{69F4F94C-917A-40FF-BF8D-AF05C6181AE0}.Debug|.NET.ActiveCfg = Debug|Any CPU
		{69F4F94C-917A-40FF-BF8D-AF05C6181AE0}.Debug|.NET.Build.0 = Debug|Any CPU
		{69F4F94C-917A-40FF-BF8D-AF05C6181AE0}.Debug|Any CPU.ActiveCfg = Debug|Any CPU
		{69F4F94C-917A-40FF-BF8D-AF05C6181AE0}.Debug|Any CPU.Build.0 = Debug|Any CPU
		{69F4F94C-917A-40FF-BF8D-AF05C6181AE0}.Debug|Mixed Platforms.ActiveCfg = Debug|Any CPU
		{69F4F94C-917A-40FF-BF8D-AF05C6181AE0}.Debug|Mixed Platforms.Build.0 = Debug|Any CPU
		{69F4F94C-917A-40FF-BF8D-AF05C6181AE0}.Debug|x86.ActiveCfg = Debug|Any CPU
		{69F4F94C-917A-40FF-BF8D-AF05C6181AE0}.Debug|x86.Build.0 = Debug|Any CPU
		{69F4F94C-917A-40FF-BF8D-AF05C6181AE0}.Release|.NET.ActiveCfg = Release|Any CPU
		{69F4F94C-917A-40FF-BF8D-AF05C6181AE0}.Release|.NET.Build.0 = Release|Any CPU
		{69F4F94C-917A-40FF-BF8D-AF05C6181AE0}.Release|Any CPU.ActiveCfg = Release|Any CPU
		{69F4F94C-917A-40FF-BF8D-AF05C6181AE0}.Release|Any CPU.Build.0 = Release|Any CPU
		{69F4F94C-917A-40FF-BF8D-AF05C6181AE0}.Release|Mixed Platforms.ActiveCfg = Release|Any CPU
		{69F4F94C-917A-40FF-BF8D-AF05C6181AE0}.Release|Mixed Platforms.Build.0 = Release|Any CPU
		{69F4F94C-917A-40FF-BF8D-AF05C6181AE0}.Release|x86.ActiveCfg = Release|Any CPU
		{69F4F94C-917A-40FF-BF8D-AF05C6181AE0}.Release|x86.Build.0 = Release|Any CPU
		{A0AC3626-F8D6-4659-8772-4BC45F23C347}.Debug|.NET.ActiveCfg = Debug|Any CPU
		{A0AC3626-F8D6-4659-8772-4BC45F23C347}.Debug|.NET.Build.0 = Debug|Any CPU
		{A0AC3626-F8D6-4659-8772-4BC45F23C347}.Debug|Any CPU.ActiveCfg = Debug|Any CPU
		{A0AC3626-F8D6-4659-8772-4BC45F23C347}.Debug|Any CPU.Build.0 = Debug|Any CPU
		{A0AC3626-F8D6-4659-8772-4BC45F23C347}.Debug|Mixed Platforms.ActiveCfg = Debug|Any CPU
		{A0AC3626-F8D6-4659-8772-4BC45F23C347}.Debug|Mixed Platforms.Build.0 = Debug|Any CPU
		{A0AC3626-F8D6-4659-8772-4BC45F23C347}.Debug|x86.ActiveCfg = Debug|Any CPU
		{A0AC3626-F8D6-4659-8772-4BC45F23C347}.Debug|x86.Build.0 = Debug|Any CPU
		{A0AC3626-F8D6-4659-8772-4BC45F23C347}.Release|.NET.ActiveCfg = Release|Any CPU
		{A0AC3626-F8D6-4659-8772-4BC45F23C347}.Release|.NET.Build.0 = Release|Any CPU
		{A0AC3626-F8D6-4659-8772-4BC45F23C347}.Release|Any CPU.ActiveCfg = Release|Any CPU
		{A0AC3626-F8D6-4659-8772-4BC45F23C347}.Release|Any CPU.Build.0 = Release|Any CPU
		{A0AC3626-F8D6-4659-8772-4BC45F23C347}.Release|Mixed Platforms.ActiveCfg = Release|Any CPU
		{A0AC3626-F8D6-4659-8772-4BC45F23C347}.Release|Mixed Platforms.Build.0 = Release|Any CPU
		{A0AC3626-F8D6-4659-8772-4BC45F23C347}.Release|x86.ActiveCfg = Release|Any CPU
		{A0AC3626-F8D6-4659-8772-4BC45F23C347}.Release|x86.Build.0 = Release|Any CPU
		{78FF0311-EA40-4CDF-8ADE-C46D0194F3E5}.Debug|.NET.ActiveCfg = Debug|Any CPU
		{78FF0311-EA40-4CDF-8ADE-C46D0194F3E5}.Debug|.NET.Build.0 = Debug|Any CPU
		{78FF0311-EA40-4CDF-8ADE-C46D0194F3E5}.Debug|Any CPU.ActiveCfg = Debug|Any CPU
		{78FF0311-EA40-4CDF-8ADE-C46D0194F3E5}.Debug|Any CPU.Build.0 = Debug|Any CPU
		{78FF0311-EA40-4CDF-8ADE-C46D0194F3E5}.Debug|Mixed Platforms.ActiveCfg = Debug|Any CPU
		{78FF0311-EA40-4CDF-8ADE-C46D0194F3E5}.Debug|Mixed Platforms.Build.0 = Debug|Any CPU
		{78FF0311-EA40-4CDF-8ADE-C46D0194F3E5}.Debug|x86.ActiveCfg = Debug|Any CPU
		{78FF0311-EA40-4CDF-8ADE-C46D0194F3E5}.Debug|x86.Build.0 = Debug|Any CPU
		{78FF0311-EA40-4CDF-8ADE-C46D0194F3E5}.Release|.NET.ActiveCfg = Release|Any CPU
		{78FF0311-EA40-4CDF-8ADE-C46D0194F3E5}.Release|.NET.Build.0 = Release|Any CPU
		{78FF0311-EA40-4CDF-8ADE-C46D0194F3E5}.Release|Any CPU.ActiveCfg = Release|Any CPU
		{78FF0311-EA40-4CDF-8ADE-C46D0194F3E5}.Release|Any CPU.Build.0 = Release|Any CPU
		{78FF0311-EA40-4CDF-8ADE-C46D0194F3E5}.Release|Mixed Platforms.ActiveCfg = Release|Any CPU
		{78FF0311-EA40-4CDF-8ADE-C46D0194F3E5}.Release|Mixed Platforms.Build.0 = Release|Any CPU
		{78FF0311-EA40-4CDF-8ADE-C46D0194F3E5}.Release|x86.ActiveCfg = Release|Any CPU
		{78FF0311-EA40-4CDF-8ADE-C46D0194F3E5}.Release|x86.Build.0 = Release|Any CPU
		{A1D897F5-32B6-423C-B6F2-A3C17AE1E3DA}.Debug|.NET.ActiveCfg = Debug|Any CPU
		{A1D897F5-32B6-423C-B6F2-A3C17AE1E3DA}.Debug|.NET.Build.0 = Debug|Any CPU
		{A1D897F5-32B6-423C-B6F2-A3C17AE1E3DA}.Debug|Any CPU.ActiveCfg = Debug|Any CPU
		{A1D897F5-32B6-423C-B6F2-A3C17AE1E3DA}.Debug|Any CPU.Build.0 = Debug|Any CPU
		{A1D897F5-32B6-423C-B6F2-A3C17AE1E3DA}.Debug|Mixed Platforms.ActiveCfg = Debug|Any CPU
		{A1D897F5-32B6-423C-B6F2-A3C17AE1E3DA}.Debug|Mixed Platforms.Build.0 = Debug|Any CPU
		{A1D897F5-32B6-423C-B6F2-A3C17AE1E3DA}.Debug|x86.ActiveCfg = Debug|Any CPU
		{A1D897F5-32B6-423C-B6F2-A3C17AE1E3DA}.Debug|x86.Build.0 = Debug|Any CPU
		{A1D897F5-32B6-423C-B6F2-A3C17AE1E3DA}.Release|.NET.ActiveCfg = Release|Any CPU
		{A1D897F5-32B6-423C-B6F2-A3C17AE1E3DA}.Release|.NET.Build.0 = Release|Any CPU
		{A1D897F5-32B6-423C-B6F2-A3C17AE1E3DA}.Release|Any CPU.ActiveCfg = Release|Any CPU
		{A1D897F5-32B6-423C-B6F2-A3C17AE1E3DA}.Release|Any CPU.Build.0 = Release|Any CPU
		{A1D897F5-32B6-423C-B6F2-A3C17AE1E3DA}.Release|Mixed Platforms.ActiveCfg = Release|Any CPU
		{A1D897F5-32B6-423C-B6F2-A3C17AE1E3DA}.Release|Mixed Platforms.Build.0 = Release|Any CPU
		{A1D897F5-32B6-423C-B6F2-A3C17AE1E3DA}.Release|x86.ActiveCfg = Release|Any CPU
		{A1D897F5-32B6-423C-B6F2-A3C17AE1E3DA}.Release|x86.Build.0 = Release|Any CPU
	EndGlobalSection
	GlobalSection(SolutionProperties) = preSolution
		HideSolutionNode = FALSE
	EndGlobalSection
	GlobalSection(NestedProjects) = preSolution
		{C7596CE4-47C7-40F9-946A-B840B2CF25D7} = {0493A5CB-1B40-43C3-9C10-9396449FB69B}
		{E87E2E7B-52BE-4151-932C-1D529E83CA77} = {FB16975B-666F-4AB3-9737-59D6E87196CA}
		{8A946737-B05D-4F70-BBCF-74CA05BA0E32} = {FB16975B-666F-4AB3-9737-59D6E87196CA}
		{9C806924-0043-4F6C-9637-3E3274CE3705} = {FB16975B-666F-4AB3-9737-59D6E87196CA}
		{95A8E7C2-A497-47B2-A746-1D82D3E5EA5D} = {FB16975B-666F-4AB3-9737-59D6E87196CA}
		{66B92092-9FCB-42C4-B8A8-3FABC2A98C26} = {0493A5CB-1B40-43C3-9C10-9396449FB69B}
		{D6E7A677-4F0E-4606-B654-D31E3542AB7E} = {0493A5CB-1B40-43C3-9C10-9396449FB69B}
		{F1521CB4-1D3A-40B6-9E85-3A0C125E6CE8} = {0493A5CB-1B40-43C3-9C10-9396449FB69B}
		{B3392766-E913-4757-9251-E2EE355F8CC9} = {0493A5CB-1B40-43C3-9C10-9396449FB69B}
		{55DECF3E-B9DB-46F8-992B-BBF09BF55CDD} = {FB16975B-666F-4AB3-9737-59D6E87196CA}
		{E0BFAA38-0AB2-41B5-A76C-51B45537375D} = {6279AC40-B168-4D32-B89A-5BFBF77791B8}
		{4748C1AC-71A0-4684-AF80-86D4EC626278} = {6279AC40-B168-4D32-B89A-5BFBF77791B8}
		{54A0E52C-9B25-469E-9BAC-AB56D5582528} = {0289114B-70EA-4CE6-BA34-E4EC00D718AE}
		{7BB86C23-E83F-4D72-BE04-B13260FE830C} = {0289114B-70EA-4CE6-BA34-E4EC00D718AE}
		{FE9B616F-0250-47B6-B765-E9DA556CF7C9} = {0289114B-70EA-4CE6-BA34-E4EC00D718AE}
		{6A045E5E-8456-4F73-A772-7027C3F14591} = {5DD71DE1-D587-4A1A-BBCF-B105F12AE872}
		{6A9BA848-8893-4F6E-812C-5809838123BA} = {5DD71DE1-D587-4A1A-BBCF-B105F12AE872}
		{69F4F94C-917A-40FF-BF8D-AF05C6181AE0} = {6A045E5E-8456-4F73-A772-7027C3F14591}
		{A0AC3626-F8D6-4659-8772-4BC45F23C347} = {6A045E5E-8456-4F73-A772-7027C3F14591}
		{78FF0311-EA40-4CDF-8ADE-C46D0194F3E5} = {6A9BA848-8893-4F6E-812C-5809838123BA}
		{A1D897F5-32B6-423C-B6F2-A3C17AE1E3DA} = {6A9BA848-8893-4F6E-812C-5809838123BA}
	EndGlobalSection
	GlobalSection(ExtensibilityGlobals) = postSolution
		SolutionGuid = {852AA05A-2533-4638-8C00-3CD71BC7E939}
	EndGlobalSection
EndGlobal
